lockfileVersion: '9.0'

settings:
  autoInstallPeers: true
  excludeLinksFromLockfile: false

importers:

  .:
    dependencies:
      '@chainsafe/libp2p-noise':
        specifier: ^17.0.0
        version: 17.0.0
      '@chainsafe/libp2p-yamux':
        specifier: ^8.0.1
        version: 8.0.1
      '@libp2p/ping':
        specifier: ^3.1.5
        version: 3.1.5
      '@libp2p/tcp':
        specifier: ^11.0.20
        version: 11.0.20
      '@multiformats/multiaddr':
        specifier: ^13.0.3
        version: 13.0.3
      libp2p:
        specifier: ^3.3.1
        version: 3.3.1

packages:

  '@chainsafe/as-chacha20poly1305@0.1.0':
    resolution: {integrity: sha512-BpNcL8/lji/GM3+vZ/bgRWqJ1q5kwvTFmGPk7pxm/QQZDbaMI98waOHjEymTjq2JmdD/INdNBFOVSyJofXg7ew==}

  '@chainsafe/as-sha256@1.2.4':
    resolution: {integrity: sha512-3GXDysZOKD6cTYbm48lEdXdUbS7cafjXQZfgHOspTByhoGR/JM3KBXyF3vE6bf63ImjNPyoEZwnQcpYPQ6k3bQ==}

  '@chainsafe/is-ip@2.1.0':
    resolution: {integrity: sha512-KIjt+6IfysQ4GCv66xihEitBjvhU/bixbbbFxdJ1sqCp4uJ0wuZiYBPhksZoy4lfaF0k9cwNzY5upEW/VWdw3w==}

  '@chainsafe/libp2p-noise@17.0.0':
    resolution: {integrity: sha512-vwrmY2Y+L1xYhIDiEpl61KHxwrLCZoXzTpwhyk34u+3+6zCAZPL3GxH3i2cs+u5IYNoyLptORdH17RKFXy7upA==}

  '@chainsafe/libp2p-yamux@8.0.1':
    resolution: {integrity: sha512-pJsqmUg1cZRJZn/luAtQaq0uLcVfExo51Rg7iRtAEceNYtsKUi/exfegnvTBzTnF1CGmTzVEV3MCLsRhqiNyoA==}

  '@chainsafe/netmask@2.0.0':
    resolution: {integrity: sha512-I3Z+6SWUoaljh3TBzCnCxjlUyN8tA+NAk5L6m9IxvCf1BENQTePzPMis97CoN/iMW1St3WN+AWCCRp+TTBRiDg==}

  '@dnsquery/dns-packet@6.1.1':
    resolution: {integrity: sha512-WXTuFvL3G+74SchFAtz3FgIYVOe196ycvGsMgvSH/8Goptb1qpIQtIuM4SOK9G9lhMWYpHxnXyy544ZhluFOew==}
    engines: {node: '>=6'}

  '@leichtgewicht/ip-codec@2.0.5':
    resolution: {integrity: sha512-Vo+PSpZG2/fmgmiNzYK9qWRh8h/CHrwD0mo1h1DzL4yzHNSfWYujGTYsWGreD000gcgmZ7K4Ys6Tx9TxtsKdDw==}

  '@libp2p/crypto@5.1.18':
    resolution: {integrity: sha512-sCm+dFFZmH4LJIHTCzPy7+EBRhzkndFUcIU8bui6iaxK6SDSRVa11+/O6DzW8hn/U9LgDXe6jXnzWM8bM7OoCA==}

  '@libp2p/interface-internal@3.1.5':
    resolution: {integrity: sha512-xbFB0eAv/MkixmQKkvD0jmPSzF8my92ago2ss5PVa3QFKXz0XtpQSRnj22sfzLyURs1QSRQd+iK+ZJaHdZ0DMg==}

  '@libp2p/interface@3.2.2':
    resolution: {integrity: sha512-IU78g6uF8Ls0//4v9VE1rL5Jvy+i6I8LI/DssojFICbaDJSkL59Sn5XRfHrY5OCxTnUnUxnWK7pHz/3+UZcRNQ==}

  '@libp2p/logger@6.2.7':
    resolution: {integrity: sha512-IVEz5+0kE4mRWwMzXP34AlXe2k1FLzBqKkjeASyhPVdMz0A4qH9nYmCBwonzmRzymklGjFIEDa1s7Vjhd9V4Rg==}

  '@libp2p/multistream-select@7.0.20':
    resolution: {integrity: sha512-YMcOcSaS0au6B1pBDmEXRqNlzwGXFLWbyUFDxfYMW+/o4JEqPaimEBZmLdOVY7dl4tStsUzZMEokp+AqV9JDpQ==}

  '@libp2p/peer-collections@7.0.20':
    resolution: {integrity: sha512-OYohC9qQHUp1KSXRe4qgPk+IxxVgMG/+7TL7Nt3Pw1tWKLQ93DzRRZHUBRwvYDOv6M4jD/Qn1pxXOwNQsSQgCg==}

  '@libp2p/peer-id@6.0.9':
    resolution: {integrity: sha512-MlofyOOpxzZA4tIcOVPjd1FQIa0TA0g+bn+d08vfo9znCjfe6Lh0RBFyLdlICbyogVN6wn7+29SYch78wCuuCQ==}

  '@libp2p/peer-record@9.0.10':
    resolution: {integrity: sha512-pbDHpOPzE2vLlyiIAitpKG+aDNcnVmtLCYb1wGeRRAnarZC/vREZGM6JmR8Y79INu7jQ1IwTN1iKMj9jaXdAGg==}

  '@libp2p/peer-store@12.0.20':
    resolution: {integrity: sha512-aRWtnaWkuJDFBwu3OS1sBUDP04+6hJ643hpuabIu/z9dR8uHxs3fzYXZg5DCGhNIG/8GXF62fKYOi5gmhvZJHA==}

  '@libp2p/ping@3.1.5':
    resolution: {integrity: sha512-1ri4Swms2lc5yLTZOvVAqHXJr4vx8TPTEp7uHM4+Q+hKQ8zNulzWiyTBBdKh2tCdZbGYLevqt0e52iyqVFRN8A==}

  '@libp2p/tcp@11.0.20':
    resolution: {integrity: sha512-u3pO7EO2QOmIcurC5ejDS8+0nGHC67X3YWO9T49dK9inBuJkYekHnuNHODUX4pNyf+ocugB80rmwd6JdCQZkDg==}

  '@libp2p/utils@7.2.1':
    resolution: {integrity: sha512-tRBQHUqgggXATgTY8S0A8amdhljZ7Xx9nAWDOpfvW/ojDVY89BpIJfKLEe0TUD9Lc/3pSmlAC6oBYaHe2jP9UA==}

  '@multiformats/dns@1.0.13':
    resolution: {integrity: sha512-yr4bxtA3MbvJ+2461kYIYMsiiZj/FIqKI64hE4SdvWJUdWF9EtZLar38juf20Sf5tguXKFUruluswAO6JsjS2w==}

  '@multiformats/multiaddr-matcher@3.0.2':
    resolution: {integrity: sha512-iphGQJliZxe2yKu57bdRDgeS+3znc5uXtMybDO1Wau3rIjas4zjrjlyxmFz3wqyUL9f3VDQwas/ZqA7N4QeSfw==}

  '@multiformats/multiaddr@13.0.3':
    resolution: {integrity: sha512-mEqqJ4r3a/uuFMTpRkU316wGNIDQNhuVWpm+ebKTQeYsfv9jXbPONWM6VVnj3KGUrwfsX7GZOyp4TFqEA2SPCw==}

  '@noble/ciphers@2.2.0':
    resolution: {integrity: sha512-Z6pjIZ/8IJcCGzb2S/0Px5J81yij85xASuk1teLNeg75bfT07MV3a/O2Mtn1I2se43k3lkVEcFaR10N4cgQcZA==}
    engines: {node: '>= 20.19.0'}

  '@noble/curves@2.2.0':
    resolution: {integrity: sha512-T/BoHgFXirb0ENSPBquzX0rcjXeM6Lo892a2jlYJkqk83LqZx0l1Of7DzlKJ6jkpvMrkHSnAcgb5JegL8SeIkQ==}
    engines: {node: '>= 20.19.0'}

  '@noble/hashes@2.2.0':
    resolution: {integrity: sha512-IYqDGiTXab6FniAgnSdZwgWbomxpy9FtYvLKs7wCUs2a8RkITG+DFGO1DM9cr+E3/RgADRpFjrKVaJ1z6sjtEg==}
    engines: {node: '>= 20.19.0'}

  '@sindresorhus/fnv1a@3.1.0':
    resolution: {integrity: sha512-KV321z5m/0nuAg83W1dPLy85HpHDk7Sdi4fJbwvacWsEhAh+rZUW4ZfGcXmUIvjZg4ss2bcwNlRhJ7GBEUG08w==}
    engines: {node: ^12.20.0 || ^14.13.1 || >=16.0.0}

  abort-error@1.0.2:
    resolution: {integrity: sha512-lVgvB2NyPLqbXXhVmXcYFTC1x5K7CiVdPgdY7LGgFQWC8506oN01sPN3i9cl9ynuwF4iJ0TS9exnR7cZ9FuX4w==}

  any-signal@4.2.0:
    resolution: {integrity: sha512-LndMvYuAPf4rC195lk7oSFuHOYFpOszIYrNYv0gHAvz+aEhE9qPZLhmrIz5pXP2BSsPOXvsuHDXEGaiQhIh9wA==}
    engines: {node: '>=16.0.0', npm: '>=7.0.0'}

  cborg@5.1.1:
    resolution: {integrity: sha512-BDbSRIp6XrQXkTc7g+DN0RB9RrDPTUfals2ecWUlt3juPLjbAvy/V72mJcXY0Ehu0Dq/3WpNCOCT68HUTbW+lw==}
    hasBin: true

  datastore-core@11.0.4:
    resolution: {integrity: sha512-k755ayqP66Q8NuzvVKTZiaTgcTJU1/EMmQAQ0OtZNA13JX1pFw+aCu42Db6/Q7LuyJUcBtqAJdfOjM7zA8/8Lw==}

  delay@7.0.0:
    resolution: {integrity: sha512-C3vaGs818qzZjCvVJ98GQUMVyWeg7dr5w2Nwwb2t5K8G98jOyyVO2ti2bKYk5yoYElqH3F2yA53ykuEnwD6MCg==}
    engines: {node: '>=20'}

  eventemitter3@5.0.4:
    resolution: {integrity: sha512-mlsTRyGaPBjPedk6Bvw+aqbsXDtoAyAzm5MO7JgU+yVRyMQ5O8bD4Kcci7BS85f93veegeCPkL8R4GLClnjLFw==}

  hashlru@2.3.0:
    resolution: {integrity: sha512-0cMsjjIC8I+D3M44pOQdsy0OHXGLVz6Z0beRuufhKa0KfaD2wGwAev6jILzXsd3/vpnNQJmWyZtIILqM1N+n5A==}

  interface-datastore@9.0.3:
    resolution: {integrity: sha512-NLZa7Mp+0qn48nSwIY/C36da4uVIKzwG2tuEIpaSJArsuB2RrdyDWwkoDUyjsJ+VrMntXz38VSk9vXTx/ZUpAw==}

  interface-store@7.0.2:
    resolution: {integrity: sha512-KYOPcDH+1peaPhSeoZujR5nwkVeola1EdrnrlHTIM0HRNUs9B0aTsUQMH5kTmIjaQq1BOowoUyoCamgL8IMyww==}

  is-electron@2.2.2:
    resolution: {integrity: sha512-FO/Rhvz5tuw4MCWkpMzHFKWD2LsfHzIb7i6MdPYZ/KW7AlxawyLkqdy+jPZP1WubqEADE3O4FUENlJHDfQASRg==}

  is-loopback-addr@2.0.2:
    resolution: {integrity: sha512-26POf2KRCno/KTNL5Q0b/9TYnL00xEsSaLfiFRmjM7m7Lw7ZMmFybzzuX4CcsLAluZGd+niLUiMRxEooVE3aqg==}

  is-network-error@1.3.2:
    resolution: {integrity: sha512-PhBY86zaxNZUuWP6h13Vu5oFe0XY6/UlKzQnYFELzGVHygP3MxmvTfYSG7GN3aIab/iWudSMgjSnG9Dq+nHrgA==}
    engines: {node: '>=16'}

  it-all@3.0.11:
    resolution: {integrity: sha512-Gvqj6MO4GMLnFdtE68HZRpGBskNC+9+GQ+JevTGNYLyhjUuPhjDLU3jN1LpBemXJDW1bRSkczqA/qGyKlPKrcQ==}

  it-drain@3.0.12:
    resolution: {integrity: sha512-RaFA9X1PF2Pf1Jlqhgf5PlXLgf6CaZt7tSzhia+EkEVcAJRKa0Uhr8UnjVv0GmOA3Air9jDJfIX2KIvz5hZ1Ag==}

  it-filter@3.1.6:
    resolution: {integrity: sha512-yXiGPAvJn/exXjVFSCMQc3+J/7RLpOMwKoY2DH1yMhF4lYkdRoAdOwU0vnDACAlRAexf7AZvESZIc9mzhEoi/A==}

  it-length-prefixed@10.0.2:
    resolution: {integrity: sha512-RrNBs4d7baK8AKGHleC55l/JtvzxDw6DPXs3CvFgQwdwFzLBFDvlpKgDDNDFwXJjPSy1nEX1A44nL110+EKc3g==}

  it-map@3.1.6:
    resolution: {integrity: sha512-wCix0FXImtIPIxhCnbz35RqWs00e/CReSZX9nZq1j46JcAzBBp57ob9/2l1WnDYEaUURIR8xCyg2NsWbOwBJFQ==}

  it-merge@3.0.14:
    resolution: {integrity: sha512-D3t1Go2G2SQMkTujaA6EVojJPJKA9pFksxlSPDRBfrHKhWl6O40vEP7Itr5eCAjyCQH5p9+BFFVIy9bhLM4ZuQ==}

  it-parallel@3.0.15:
    resolution: {integrity: sha512-1iUV4wg7cDy40N32/XosK7mcwKM+oeSGq0r7czxNaUGGSQvbdSmkIoK4Vu/XPsXZIqBLt9tO+LDPi8RJBJ/Qwg==}

  it-peekable@3.0.10:
    resolution: {integrity: sha512-2E6+p1pelZOhzp69aaiiBuEybWzAl10uYbIdCR3Pxy8bFNnS/kgpbLtGbNbIZ6RVdU7yHHkmATYwjy52GfFEKA==}

  it-pipe@3.0.1:
    resolution: {integrity: sha512-sIoNrQl1qSRg2seYSBH/3QxWhJFn9PKYvOf/bHdtCBF0bnghey44VyASsWzn5dAx0DCDDABq1hZIuzKmtBZmKA==}
    engines: {node: '>=16.0.0', npm: '>=7.0.0'}

  it-pushable@3.2.4:
    resolution: {integrity: sha512-WSD7Ss4oCRfDZJT4ldLWr0Bom/muY90xxoJ5PQnU3uSKf0kxCOeehqZtiJX1ARqn+ymXGh1bxpDW9bDNHp2ivQ==}

  it-queue@1.1.3:
    resolution: {integrity: sha512-RP+zN7tq+4EtuUZw5uXDpOmpgd66oKb15I4rKNvNMuB278nMJVRBHakQjnQAjqcVUySo4hEA3XnT3Ge6EvHH5w==}

  it-queueless-pushable@2.0.5:
    resolution: {integrity: sha512-BaKqGLL1AQMR1AEaxiM09vzJQVXHHhfhh9UV0qPqORw/8Rm8igDQqT1qHregfHIb1NIW9jxQ/aXBibHJyuivuQ==}

  it-reader@6.0.5:
    resolution: {integrity: sha512-xdSVkCsVyWmKaE7ZIlqb1QbzitY7Zty7//F2YeZ/9Py5i3RzQHVoPqlHELH+1EouumUdPyfuKoANJ7Q5w4IEBg==}
    engines: {node: '>=16.0.0', npm: '>=7.0.0'}

  it-sort@3.0.11:
    resolution: {integrity: sha512-eZ22LAoNLx4i4gVV44tJPoUYf/o+mHKa6+OigdVH/hmsdA2qoJN6MNPvKZyZKBf6+S/8PBE44zyvkzdYGkRhbA==}

  it-stream-types@2.0.4:
    resolution: {integrity: sha512-tsX+klvMQ53J4Jm2B52vCIs7WD609ck+VS9X2TKMEv7VPY9VwaYKmSWyHek5QS0wHBtP0bWj9KMqCtAHgVKiXw==}

  it-take@3.0.11:
    resolution: {integrity: sha512-zvoeEjLViGFyhYT5KNCgmcIH90Si8lCve4aTMvgej/ZQRfB9YzrcJW3UHIJjbQ9TiAnsT4vsWDImEFQNk5xmnA==}

  libp2p@3.3.1:
    resolution: {integrity: sha512-4o2b0OyY7m4fu5JrTyBV/rnM86J3riHtrnbl0q36sQM3uJ6Y46nYy8ddxNg36s/AiBFL4aMH+74gObMBpPUhMA==}

  main-event@1.0.4:
    resolution: {integrity: sha512-sKazUjIy2Jalv5lkQ446iOcrx8Q7TkaCuk6xfnzg5uUqMusMLDMPmRDmSNE2kjSVpSTJo4j1bQZusS+Ib7Bvrg==}

  mortice@3.3.1:
    resolution: {integrity: sha512-t3oESfijIPGsmsdLEKjF+grHfrbnKSXflJtgb1wY14cjxZpS6GnhHRXTxxzCAoCCnq1YYfpEPwY3gjiCPhOufQ==}

  ms@3.0.0-canary.202508261828:
    resolution: {integrity: sha512-NotsCoUCIUkojWCzQff4ttdCfIPoA1UGZsyQbi7KmqkNRfKCrvga8JJi2PknHymHOuor0cJSn/ylj52Cbt2IrQ==}
    engines: {node: '>=18'}

  multiformats@13.4.2:
    resolution: {integrity: sha512-eh6eHCrRi1+POZ3dA+Dq1C6jhP1GNtr9CRINMb67OKzqW9I5DUuZM/3jLPlzhgpGeiNUlEGEbkCYChXMCc/8DQ==}

  multiformats@14.0.0:
    resolution: {integrity: sha512-iWK1RrAS58p2NDfeZFuSUSv3ZPewTIhsGbh/5NgeGGJwJmRljLxGtjRR3nkn+loG3zl+IrfR/W1590QnrSK+Gg==}

  netmask@2.1.1:
    resolution: {integrity: sha512-eonl3sLUha+S1GzTPxychyhnUzKyeQkZ7jLjKrBagJgPla13F+uQ71HgpFefyHgqrjEbCPkDArxYsjY8/+gLKA==}
    engines: {node: '>= 0.4.0'}

  p-defer@4.0.1:
    resolution: {integrity: sha512-Mr5KC5efvAK5VUptYEIopP1bakB85k2IWXaRC0rsh1uwn1L6M0LVml8OIQ4Gudg4oyZakf7FmeRLkMMtZW1i5A==}
    engines: {node: '>=12'}

  p-event@7.1.0:
    resolution: {integrity: sha512-/lkPs5W1aC3cp6vqZefpdosOn65J571sWodyfOQiF0+tmDCpU+H8Atwpu0vQROCVUlZuToDN5eyTLsMLLc54mg==}
    engines: {node: '>=20'}

  p-queue@9.3.0:
    resolution: {integrity: sha512-7NED7xhQ74Ngp4JP/2e0VZHp7vSWfJfqeiR92jPgxsz6m0Se4P03YoTKa9dDXyZ3r6P616gUXttrB6nnHYKang==}
    engines: {node: '>=20'}

  p-retry@8.0.0:
    resolution: {integrity: sha512-kFVqH1HxOHp8LupNsOys7bSV09VYTRLxarH/mokO4Rqhk6wGi70E0jh4VzvVGXfEVNggHoHLAMWsQqHyU1Ey9A==}
    engines: {node: '>=22'}

  p-timeout@7.0.1:
    resolution: {integrity: sha512-AxTM2wDGORHGEkPCt8yqxOTMgpfbEHqF51f/5fJCmwFC3C/zNcGT63SymH2ttOAaiIws2zVg4+izQCjrakcwHg==}
    engines: {node: '>=20'}

  progress-events@1.1.0:
    resolution: {integrity: sha512-82DVc5tI36neVB3IjdXR11ztwGuoBc98em9ijzubeZKxI47OlV2Znq6mlPqE5xPDzO2Uw98GHiQSjj2favBCRQ==}

  protons-runtime@5.6.0:
    resolution: {integrity: sha512-/Kde+sB9DsMFrddJT/UZWe6XqvL7SL5dbag/DBCElFKhkwDj7XKt53S+mzLyaDP5OqS0wXjV5SA572uWDaT0Hg==}

  protons-runtime@6.0.2:
    resolution: {integrity: sha512-hiyjyANwGcgmzc+tXc1/ZcSZhKnl5MDjaVNWkISHBgadaU0sjTgKIKZMZ62d9J9zlSTyKHCs/osPkQ/3Z+7yeA==}

  race-event@1.6.1:
    resolution: {integrity: sha512-vi7WH5g5KoTFpu2mme/HqZiWH14XSOtg5rfp6raBskBHl7wnmy3F/biAIyY5MsK+BHWhoPhxtZ1Y2R7OHHaWyQ==}

  race-signal@2.0.0:
    resolution: {integrity: sha512-P31bLhE4ByBX/70QDXMutxnqgwrF1WUXea1O8DXuviAgkdbQ1iQMQotNgzJIBC9yUSn08u/acZrMUhgw7w6GpA==}

  random-int@3.1.0:
    resolution: {integrity: sha512-h8CRz8cpvzj0hC/iH/1Gapgcl2TQ6xtnCpyOI5WvWfXf/yrDx2DOU+tD9rX23j36IF11xg1KqB9W11Z18JPMdw==}
    engines: {node: '>=12'}

  supports-color@10.2.2:
    resolution: {integrity: sha512-SS+jx45GF1QjgEXQx4NJZV9ImqmO2NPz5FNsIHrsDjh2YsHnawpan7SNQ1o8NuhrbHZy9AZhIoCUiCeaW/C80g==}
    engines: {node: '>=18'}

  uint8-varint@2.0.5:
    resolution: {integrity: sha512-jeFLbL/x30wBRnWjKE1qVBXeumG46r7XmYkpis955lTQ+blccGKFrOsSMHlxePwYB1pI7L8YPHz1t4jLxEs3nA==}

  uint8-varint@3.0.0:
    resolution: {integrity: sha512-S4DdpXBaLwKcFo7f0bWzWfHjbZ/i3QhM842qn+ZvHjxqFCfUcEB9SQNcmI69S+zMlcmIcKxsk9Iyw77S2Kxv6Q==}

  uint8arraylist@2.4.9:
    resolution: {integrity: sha512-KxWjyEFzchzik3aoQlK66oaoxIReoMo5bQRm1fcjBUZvE8xv/tyR3CTKhjh6K/faV8VaF6hd5pjr45CzbwuwkA==}

  uint8arraylist@3.0.2:
    resolution: {integrity: sha512-LDVoq9BQaGJzGDUovEnoX6rpKCvnY/Jbtws4ikwnBzjRbq5qBAFpBZevUEbSmMM87aO0Sp+wOZy2ZXf5yODmXQ==}

  uint8arrays@5.1.1:
    resolution: {integrity: sha512-9muQwa4wZG4dKi9gMAIBtnk2Pw87SRpvWTH6lOGm19V2Uqxr4uomUf2PGqPnWc+qs06sN8owUU4jfcoWOcfwVQ==}

  uint8arrays@6.1.1:
    resolution: {integrity: sha512-iz7JN0XCSZYA111lhFG2Ui9EhFvTNekqSRHw3lvMHq+dzwWy1OQftxFQREEh4rffU0oSoXdQHsk2TiHKVm4fsA==}

  unlimited-timeout@0.1.0:
    resolution: {integrity: sha512-D4g+mxFeQGQHzCfnvij+R35ukJ0658Zzudw7j16p4tBBbNasKkKM4SocYxqhwT5xA7a9JYWDzKkEFyMlRi5sng==}
    engines: {node: '>=20'}

  utf8-codec@1.0.0:
    resolution: {integrity: sha512-S/QSLezp3qvG4ld5PUfXiH7mCFxLKjSVZRFkB3DOjgwHuJPFDkInAXc/anf7BAbHt/D38ozDzL+QMZ6/7gsI6w==}

  weald@1.1.1:
    resolution: {integrity: sha512-PaEQShzMCz8J/AD2N3dJMc1hTZWkJeLKS2NMeiVkV5KDHwgZe7qXLEzyodsT/SODxWDdXJJqocuwf3kHzcXhSQ==}

  wherearewe@2.0.1:
    resolution: {integrity: sha512-XUguZbDxCA2wBn2LoFtcEhXL6AXo+hVjGonwhSTTTU9SzbWG8Xu3onNIpzf9j/mYUcJQ0f+m37SzG77G851uFw==}
    engines: {node: '>=16.0.0', npm: '>=7.0.0'}

snapshots:

  '@chainsafe/as-chacha20poly1305@0.1.0': {}

  '@chainsafe/as-sha256@1.2.4': {}

  '@chainsafe/is-ip@2.1.0': {}

  '@chainsafe/libp2p-noise@17.0.0':
    dependencies:
      '@chainsafe/as-chacha20poly1305': 0.1.0
      '@chainsafe/as-sha256': 1.2.4
      '@libp2p/crypto': 5.1.18
      '@libp2p/interface': 3.2.2
      '@libp2p/peer-id': 6.0.9
      '@libp2p/utils': 7.2.1
      '@noble/ciphers': 2.2.0
      '@noble/curves': 2.2.0
      '@noble/hashes': 2.2.0
      protons-runtime: 5.6.0
      uint8arraylist: 2.4.9
      uint8arrays: 5.1.1
      wherearewe: 2.0.1

  '@chainsafe/libp2p-yamux@8.0.1':
    dependencies:
      '@libp2p/interface': 3.2.2
      '@libp2p/utils': 7.2.1
      race-signal: 2.0.0
      uint8arraylist: 2.4.9

  '@chainsafe/netmask@2.0.0':
    dependencies:
      '@chainsafe/is-ip': 2.1.0

  '@dnsquery/dns-packet@6.1.1':
    dependencies:
      '@leichtgewicht/ip-codec': 2.0.5
      utf8-codec: 1.0.0

  '@leichtgewicht/ip-codec@2.0.5': {}

  '@libp2p/crypto@5.1.18':
    dependencies:
      '@libp2p/interface': 3.2.2
      '@noble/curves': 2.2.0
      '@noble/hashes': 2.2.0
      multiformats: 13.4.2
      protons-runtime: 6.0.2
      uint8arraylist: 2.4.9
      uint8arrays: 5.1.1

  '@libp2p/interface-internal@3.1.5':
    dependencies:
      '@libp2p/interface': 3.2.2
      '@libp2p/peer-collections': 7.0.20
      '@multiformats/multiaddr': 13.0.3
      progress-events: 1.1.0

  '@libp2p/interface@3.2.2':
    dependencies:
      '@multiformats/dns': 1.0.13
      '@multiformats/multiaddr': 13.0.3
      main-event: 1.0.4
      multiformats: 13.4.2
      progress-events: 1.1.0
      uint8arraylist: 2.4.9

  '@libp2p/logger@6.2.7':
    dependencies:
      '@libp2p/interface': 3.2.2
      '@multiformats/multiaddr': 13.0.3
      interface-datastore: 9.0.3
      multiformats: 13.4.2
      weald: 1.1.1

  '@libp2p/multistream-select@7.0.20':
    dependencies:
      '@libp2p/interface': 3.2.2
      '@libp2p/utils': 7.2.1
      it-length-prefixed: 10.0.2
      uint8arraylist: 2.4.9
      uint8arrays: 5.1.1

  '@libp2p/peer-collections@7.0.20':
    dependencies:
      '@libp2p/interface': 3.2.2
      '@libp2p/peer-id': 6.0.9
      '@libp2p/utils': 7.2.1
      multiformats: 13.4.2

  '@libp2p/peer-id@6.0.9':
    dependencies:
      '@libp2p/crypto': 5.1.18
      '@libp2p/interface': 3.2.2
      multiformats: 13.4.2
      uint8arrays: 5.1.1

  '@libp2p/peer-record@9.0.10':
    dependencies:
      '@libp2p/crypto': 5.1.18
      '@libp2p/interface': 3.2.2
      '@libp2p/peer-id': 6.0.9
      '@multiformats/multiaddr': 13.0.3
      multiformats: 13.4.2
      protons-runtime: 6.0.2
      uint8-varint: 2.0.5
      uint8arraylist: 2.4.9
      uint8arrays: 5.1.1

  '@libp2p/peer-store@12.0.20':
    dependencies:
      '@libp2p/crypto': 5.1.18
      '@libp2p/interface': 3.2.2
      '@libp2p/peer-collections': 7.0.20
      '@libp2p/peer-id': 6.0.9
      '@libp2p/peer-record': 9.0.10
      '@multiformats/multiaddr': 13.0.3
      interface-datastore: 9.0.3
      it-all: 3.0.11
      main-event: 1.0.4
      mortice: 3.3.1
      multiformats: 13.4.2
      protons-runtime: 6.0.2
      uint8arraylist: 2.4.9
      uint8arrays: 5.1.1

  '@libp2p/ping@3.1.5':
    dependencies:
      '@libp2p/crypto': 5.1.18
      '@libp2p/interface': 3.2.2
      '@libp2p/interface-internal': 3.1.5
      p-event: 7.1.0
      race-signal: 2.0.0
      uint8arraylist: 2.4.9
      uint8arrays: 5.1.1

  '@libp2p/tcp@11.0.20':
    dependencies:
      '@libp2p/interface': 3.2.2
      '@libp2p/utils': 7.2.1
      '@multiformats/multiaddr': 13.0.3
      '@multiformats/multiaddr-matcher': 3.0.2
      main-event: 1.0.4
      p-event: 7.1.0
      progress-events: 1.1.0
      uint8arraylist: 2.4.9

  '@libp2p/utils@7.2.1':
    dependencies:
      '@chainsafe/is-ip': 2.1.0
      '@chainsafe/netmask': 2.0.0
      '@libp2p/crypto': 5.1.18
      '@libp2p/interface': 3.2.2
      '@libp2p/logger': 6.2.7
      '@multiformats/multiaddr': 13.0.3
      '@multiformats/multiaddr-matcher': 3.0.2
      '@sindresorhus/fnv1a': 3.1.0
      any-signal: 4.2.0
      cborg: 5.1.1
      delay: 7.0.0
      is-loopback-addr: 2.0.2
      it-length-prefixed: 10.0.2
      it-pipe: 3.0.1
      it-pushable: 3.2.4
      it-stream-types: 2.0.4
      main-event: 1.0.4
      netmask: 2.1.1
      p-defer: 4.0.1
      p-event: 7.1.0
      progress-events: 1.1.0
      race-signal: 2.0.0
      uint8-varint: 2.0.5
      uint8arraylist: 2.4.9
      uint8arrays: 5.1.1

  '@multiformats/dns@1.0.13':
    dependencies:
      '@dnsquery/dns-packet': 6.1.1
      '@libp2p/interface': 3.2.2
      hashlru: 2.3.0
      p-queue: 9.3.0
      progress-events: 1.1.0
      uint8arrays: 5.1.1

  '@multiformats/multiaddr-matcher@3.0.2':
    dependencies:
      '@multiformats/multiaddr': 13.0.3

  '@multiformats/multiaddr@13.0.3':
    dependencies:
      '@chainsafe/is-ip': 2.1.0
      multiformats: 14.0.0
      uint8-varint: 3.0.0
      uint8arrays: 6.1.1

  '@noble/ciphers@2.2.0': {}

  '@noble/curves@2.2.0':
    dependencies:
      '@noble/hashes': 2.2.0

  '@noble/hashes@2.2.0': {}

  '@sindresorhus/fnv1a@3.1.0': {}

  abort-error@1.0.2: {}

  any-signal@4.2.0: {}

  cborg@5.1.1: {}

  datastore-core@11.0.4:
    dependencies:
      '@libp2p/logger': 6.2.7
      interface-datastore: 9.0.3
      interface-store: 7.0.2
      it-drain: 3.0.12
      it-filter: 3.1.6
      it-map: 3.1.6
      it-merge: 3.0.14
      it-pipe: 3.0.1
      it-sort: 3.0.11
      it-take: 3.0.11

  delay@7.0.0:
    dependencies:
      random-int: 3.1.0
      unlimited-timeout: 0.1.0

  eventemitter3@5.0.4: {}

  hashlru@2.3.0: {}

  interface-datastore@9.0.3:
    dependencies:
      interface-store: 7.0.2
      uint8arrays: 5.1.1

  interface-store@7.0.2: {}

  is-electron@2.2.2: {}

  is-loopback-addr@2.0.2: {}

  is-network-error@1.3.2: {}

  it-all@3.0.11: {}

  it-drain@3.0.12: {}

  it-filter@3.1.6:
    dependencies:
      it-peekable: 3.0.10

  it-length-prefixed@10.0.2:
    dependencies:
      it-reader: 6.0.5
      it-stream-types: 2.0.4
      uint8-varint: 2.0.5
      uint8arraylist: 2.4.9
      uint8arrays: 5.1.1

  it-map@3.1.6:
    dependencies:
      it-peekable: 3.0.10

  it-merge@3.0.14:
    dependencies:
      it-queueless-pushable: 2.0.5

  it-parallel@3.0.15:
    dependencies:
      p-defer: 4.0.1

  it-peekable@3.0.10: {}

  it-pipe@3.0.1:
    dependencies:
      it-merge: 3.0.14
      it-pushable: 3.2.4
      it-stream-types: 2.0.4

  it-pushable@3.2.4:
    dependencies:
      p-defer: 4.0.1

  it-queue@1.1.3:
    dependencies:
      abort-error: 1.0.2
      it-pushable: 3.2.4
      main-event: 1.0.4
      race-event: 1.6.1
      race-signal: 2.0.0

  it-queueless-pushable@2.0.5:
    dependencies:
      abort-error: 1.0.2
      p-defer: 4.0.1
      race-signal: 2.0.0

  it-reader@6.0.5:
    dependencies:
      it-stream-types: 2.0.4
      uint8arraylist: 2.4.9

  it-sort@3.0.11:
    dependencies:
      it-all: 3.0.11

  it-stream-types@2.0.4: {}

  it-take@3.0.11: {}

  libp2p@3.3.1:
    dependencies:
      '@chainsafe/is-ip': 2.1.0
      '@chainsafe/netmask': 2.0.0
      '@libp2p/crypto': 5.1.18
      '@libp2p/interface': 3.2.2
      '@libp2p/interface-internal': 3.1.5
      '@libp2p/logger': 6.2.7
      '@libp2p/multistream-select': 7.0.20
      '@libp2p/peer-collections': 7.0.20
      '@libp2p/peer-id': 6.0.9
      '@libp2p/peer-store': 12.0.20
      '@libp2p/utils': 7.2.1
      '@multiformats/dns': 1.0.13
      '@multiformats/multiaddr': 13.0.3
      '@multiformats/multiaddr-matcher': 3.0.2
      any-signal: 4.2.0
      datastore-core: 11.0.4
      interface-datastore: 9.0.3
      it-merge: 3.0.14
      it-parallel: 3.0.15
      main-event: 1.0.4
      multiformats: 13.4.2
      p-defer: 4.0.1
      p-event: 7.1.0
      p-retry: 8.0.0
      progress-events: 1.1.0
      race-signal: 2.0.0
      uint8arrays: 5.1.1

  main-event@1.0.4: {}

  mortice@3.3.1:
    dependencies:
      abort-error: 1.0.2
      it-queue: 1.1.3
      main-event: 1.0.4

  ms@3.0.0-canary.202508261828: {}

  multiformats@13.4.2: {}

  multiformats@14.0.0: {}

  netmask@2.1.1: {}

  p-defer@4.0.1: {}

  p-event@7.1.0:
    dependencies:
      p-timeout: 7.0.1

  p-queue@9.3.0:
    dependencies:
      eventemitter3: 5.0.4
      p-timeout: 7.0.1

  p-retry@8.0.0:
    dependencies:
      is-network-error: 1.3.2

  p-timeout@7.0.1: {}

  progress-events@1.1.0: {}

  protons-runtime@5.6.0:
    dependencies:
      uint8-varint: 2.0.5
      uint8arraylist: 2.4.9
      uint8arrays: 5.1.1

  protons-runtime@6.0.2:
    dependencies:
      uint8-varint: 2.0.5
      uint8arraylist: 2.4.9
      uint8arrays: 5.1.1

  race-event@1.6.1:
    dependencies:
      abort-error: 1.0.2

  race-signal@2.0.0: {}

  random-int@3.1.0: {}

  supports-color@10.2.2: {}

  uint8-varint@2.0.5:
    dependencies:
      uint8arraylist: 2.4.9
      uint8arrays: 5.1.1

  uint8-varint@3.0.0:
    dependencies:
      uint8arraylist: 3.0.2
      uint8arrays: 6.1.1

  uint8arraylist@2.4.9:
    dependencies:
      uint8arrays: 5.1.1

  uint8arraylist@3.0.2:
    dependencies:
      uint8arrays: 6.1.1

  uint8arrays@5.1.1:
    dependencies:
      multiformats: 13.4.2

  uint8arrays@6.1.1:
    dependencies:
      multiformats: 14.0.0

  unlimited-timeout@0.1.0: {}

  utf8-codec@1.0.0: {}

  weald@1.1.1:
    dependencies:
      ms: 3.0.0-canary.202508261828
      supports-color: 10.2.2

  wherearewe@2.0.1:
    dependencies:
      is-electron: 2.2.2
